// !$*UTF8*$!
{
	archiveVersion = 1;
	classes = {
	};
	objectVersion = 50;
	objects = {

/* Begin PBXBuildFile section */
		7845418F2549722F0070452E /* UISwitch+CQTSMoreProperty.m in Sources */ = {isa = PBXBuildFile; fileRef = 7845415B2549722F0070452E /* UISwitch+CQTSMoreProperty.m */; };
		784541902549722F0070452E /* UIButton+CQTSMoreProperty.m in Sources */ = {isa = PBXBuildFile; fileRef = 7845415D2549722F0070452E /* UIButton+CQTSMoreProperty.m */; };
		784541912549722F0070452E /* CQTSSwitchViewFactory.m in Sources */ = {isa = PBXBuildFile; fileRef = 7845415E2549722F0070452E /* CQTSSwitchViewFactory.m */; };
		784541922549722F0070452E /* CQTSContainerViewFactory.m in Sources */ = {isa = PBXBuildFile; fileRef = 7845415F2549722F0070452E /* CQTSContainerViewFactory.m */; };
		784541932549722F0070452E /* CQTSBorderStateButton.m in Sources */ = {isa = PBXBuildFile; fileRef = 784541602549722F0070452E /* CQTSBorderStateButton.m */; };
		784541942549722F0070452E /* CQTSButtonFactory.m in Sources */ = {isa = PBXBuildFile; fileRef = 784541622549722F0070452E /* CQTSButtonFactory.m */; };
		784541952549722F0070452E /* CJUIKitAlertUtil.m in Sources */ = {isa = PBXBuildFile; fileRef = 784541662549722F0070452E /* CJUIKitAlertUtil.m */; };
		784541962549722F0070452E /* CJUIKitToastUtil.m in Sources */ = {isa = PBXBuildFile; fileRef = 784541672549722F0070452E /* CJUIKitToastUtil.m */; };
		784541972549722F0070452E /* CQTSNetImageDataModel.m in Sources */ = {isa = PBXBuildFile; fileRef = 7845416D2549722F0070452E /* CQTSNetImageDataModel.m */; };
		784541982549722F0070452E /* CQTSNetImagesUtil.m in Sources */ = {isa = PBXBuildFile; fileRef = 7845416E2549722F0070452E /* CQTSNetImagesUtil.m */; };
		784541992549722F0070452E /* CQTSIconsUtil.m in Sources */ = {isa = PBXBuildFile; fileRef = 784541702549722F0070452E /* CQTSIconsUtil.m */; };
		7845419A2549722F0070452E /* CQTSIconDataModel.m in Sources */ = {isa = PBXBuildFile; fileRef = 784541712549722F0070452E /* CQTSIconDataModel.m */; };
		7845419B2549722F0070452E /* CQTSLocImageDataModel.m in Sources */ = {isa = PBXBuildFile; fileRef = 784541752549722F0070452E /* CQTSLocImageDataModel.m */; };
		7845419C2549722F0070452E /* cqts_8.jpg in Resources */ = {isa = PBXBuildFile; fileRef = 784541772549722F0070452E /* cqts_8.jpg */; };
		7845419D2549722F0070452E /* cqts_9.jpg in Resources */ = {isa = PBXBuildFile; fileRef = 784541782549722F0070452E /* cqts_9.jpg */; };
		7845419E2549722F0070452E /* cqts_placeholder01.jpg in Resources */ = {isa = PBXBuildFile; fileRef = 784541792549722F0070452E /* cqts_placeholder01.jpg */; };
		7845419F2549722F0070452E /* cqts_bgCar@2x.jpg in Resources */ = {isa = PBXBuildFile; fileRef = 7845417A2549722F0070452E /* cqts_bgCar@2x.jpg */; };
		784541A02549722F0070452E /* cqts_1.jpg in Resources */ = {isa = PBXBuildFile; fileRef = 7845417B2549722F0070452E /* cqts_1.jpg */; };
		784541A12549722F0070452E /* cqts_10.jpg in Resources */ = {isa = PBXBuildFile; fileRef = 7845417C2549722F0070452E /* cqts_10.jpg */; };
		784541A22549722F0070452E /* cqts_2.jpg in Resources */ = {isa = PBXBuildFile; fileRef = 7845417D2549722F0070452E /* cqts_2.jpg */; };
		784541A32549722F0070452E /* cqts_3.jpg in Resources */ = {isa = PBXBuildFile; fileRef = 7845417E2549722F0070452E /* cqts_3.jpg */; };
		784541A42549722F0070452E /* cqts_7.jpg in Resources */ = {isa = PBXBuildFile; fileRef = 7845417F2549722F0070452E /* cqts_7.jpg */; };
		784541A52549722F0070452E /* cqts_6.jpg in Resources */ = {isa = PBXBuildFile; fileRef = 784541802549722F0070452E /* cqts_6.jpg */; };
		784541A62549722F0070452E /* cqts_bgSky@2x.jpg in Resources */ = {isa = PBXBuildFile; fileRef = 784541812549722F0070452E /* cqts_bgSky@2x.jpg */; };
		784541A72549722F0070452E /* cqts_4.jpg in Resources */ = {isa = PBXBuildFile; fileRef = 784541822549722F0070452E /* cqts_4.jpg */; };
		784541A82549722F0070452E /* cqts_5.jpg in Resources */ = {isa = PBXBuildFile; fileRef = 784541832549722F0070452E /* cqts_5.jpg */; };
		784541A92549722F0070452E /* CQTSLocImagesUtil.m in Sources */ = {isa = PBXBuildFile; fileRef = 784541862549722F0070452E /* CQTSLocImagesUtil.m */; };
		784541CD254977580070452E /* CJUIKitBaseCollectionHomeViewController.swift in Sources */ = {isa = PBXBuildFile; fileRef = 784541C4254977580070452E /* CJUIKitBaseCollectionHomeViewController.swift */; };
		784541CE254977580070452E /* UIWindow+RootSetting.swift in Sources */ = {isa = PBXBuildFile; fileRef = 784541C5254977580070452E /* UIWindow+RootSetting.swift */; };
		784541CF254977580070452E /* CJUIKitBaseHomeViewController.swift in Sources */ = {isa = PBXBuildFile; fileRef = 784541C6254977580070452E /* CJUIKitBaseHomeViewController.swift */; };
		784541D0254977580070452E /* CJUIKitBaseViewController.swift in Sources */ = {isa = PBXBuildFile; fileRef = 784541C7254977580070452E /* CJUIKitBaseViewController.swift */; };
		784541D1254977580070452E /* CJUIKitCollectionViewCell.swift in Sources */ = {isa = PBXBuildFile; fileRef = 784541C9254977580070452E /* CJUIKitCollectionViewCell.swift */; };
		784541D2254977580070452E /* CQDMSectionDataModel.swift in Sources */ = {isa = PBXBuildFile; fileRef = 784541CA254977580070452E /* CQDMSectionDataModel.swift */; };
		784541D3254977580070452E /* CQDMModuleModel.swift in Sources */ = {isa = PBXBuildFile; fileRef = 784541CB254977580070452E /* CQDMModuleModel.swift */; };
		784541D4254977580070452E /* CJUIKitBaseScrollViewController.swift in Sources */ = {isa = PBXBuildFile; fileRef = 784541CC254977580070452E /* CJUIKitBaseScrollViewController.swift */; };
		786BCEE72274549C0085F619 /* AppDelegate.swift in Sources */ = {isa = PBXBuildFile; fileRef = 786BCEE62274549C0085F619 /* AppDelegate.swift */; };
		786BCEE92274549C0085F619 /* ViewController.swift in Sources */ = {isa = PBXBuildFile; fileRef = 786BCEE82274549C0085F619 /* ViewController.swift */; };
		786BCEEC2274549C0085F619 /* Main.storyboard in Resources */ = {isa = PBXBuildFile; fileRef = 786BCEEA2274549C0085F619 /* Main.storyboard */; };
		786BCEEE2274549D0085F619 /* Assets.xcassets in Resources */ = {isa = PBXBuildFile; fileRef = 786BCEED2274549D0085F619 /* Assets.xcassets */; };
		786BCEF12274549D0085F619 /* LaunchScreen.storyboard in Resources */ = {isa = PBXBuildFile; fileRef = 786BCEEF2274549D0085F619 /* LaunchScreen.storyboard */; };
		786BCEFC2274549D0085F619 /* CJStandardProjectSwiftDemoTests.swift in Sources */ = {isa = PBXBuildFile; fileRef = 786BCEFB2274549D0085F619 /* CJStandardProjectSwiftDemoTests.swift */; };
		786BCF072274549E0085F619 /* CJStandardProjectSwiftDemoUITests.swift in Sources */ = {isa = PBXBuildFile; fileRef = 786BCF062274549E0085F619 /* CJStandardProjectSwiftDemoUITests.swift */; };
		CDD606A89C7DA0DA52948F8D /* libPods-CJStandardProjectSwiftDemoTests.a in Frameworks */ = {isa = PBXBuildFile; fileRef = B6FD94FCF49C34DA58902FAD /* libPods-CJStandardProjectSwiftDemoTests.a */; };
		D1DC083BA74F1BB09B247D02 /* libPods-CJStandardProjectSwiftDemo.a in Frameworks */ = {isa = PBXBuildFile; fileRef = EC51F3BDE1AFC792DAE85C99 /* libPods-CJStandardProjectSwiftDemo.a */; };
/* End PBXBuildFile section */

/* Begin PBXContainerItemProxy section */
		786BCEF82274549D0085F619 /* PBXContainerItemProxy */ = {
			isa = PBXContainerItemProxy;
			containerPortal = 786BCEDB2274549C0085F619 /* Project object */;
			proxyType = 1;
			remoteGlobalIDString = 786BCEE22274549C0085F619;
			remoteInfo = CJStandardProjectSwiftDemo;
		};
		786BCF032274549E0085F619 /* PBXContainerItemProxy */ = {
			isa = PBXContainerItemProxy;
			containerPortal = 786BCEDB2274549C0085F619 /* Project object */;
			proxyType = 1;
			remoteGlobalIDString = 786BCEE22274549C0085F619;
			remoteInfo = CJStandardProjectSwiftDemo;
		};
/* End PBXContainerItemProxy section */

/* Begin PBXFileReference section */
		0ABD07D495757B9A80D1507D /* Pods-CJStandardProjectSwiftDemoTests.debug.xcconfig */ = {isa = PBXFileReference; includeInIndex = 1; lastKnownFileType = text.xcconfig; name = "Pods-CJStandardProjectSwiftDemoTests.debug.xcconfig"; path = "Target Support Files/Pods-CJStandardProjectSwiftDemoTests/Pods-CJStandardProjectSwiftDemoTests.debug.xcconfig"; sourceTree = "<group>"; };
		3082D59E93FADF91823D356E /* Pods-CJStandardProjectSwiftDemo.release.xcconfig */ = {isa = PBXFileReference; includeInIndex = 1; lastKnownFileType = text.xcconfig; name = "Pods-CJStandardProjectSwiftDemo.release.xcconfig"; path = "Target Support Files/Pods-CJStandardProjectSwiftDemo/Pods-CJStandardProjectSwiftDemo.release.xcconfig"; sourceTree = "<group>"; };
		4C7B78585050D5559051292C /* Pods-CJStandardProjectSwiftDemoTests.release.xcconfig */ = {isa = PBXFileReference; includeInIndex = 1; lastKnownFileType = text.xcconfig; name = "Pods-CJStandardProjectSwiftDemoTests.release.xcconfig"; path = "Target Support Files/Pods-CJStandardProjectSwiftDemoTests/Pods-CJStandardProjectSwiftDemoTests.release.xcconfig"; sourceTree = "<group>"; };
		784541582549722F0070452E /* CQTSContainerViewFactory.h */ = {isa = PBXFileReference; fileEncoding = 4; lastKnownFileType = sourcecode.c.h; path = CQTSContainerViewFactory.h; sourceTree = "<group>"; };
		784541592549722F0070452E /* CQTSSwitchViewFactory.h */ = {isa = PBXFileReference; fileEncoding = 4; lastKnownFileType = sourcecode.c.h; path = CQTSSwitchViewFactory.h; sourceTree = "<group>"; };
		7845415A2549722F0070452E /* CQTSBorderStateButton.h */ = {isa = PBXFileReference; fileEncoding = 4; lastKnownFileType = sourcecode.c.h; path = CQTSBorderStateButton.h; sourceTree = "<group>"; };
		7845415B2549722F0070452E /* UISwitch+CQTSMoreProperty.m */ = {isa = PBXFileReference; fileEncoding = 4; lastKnownFileType = sourcecode.c.objc; path = "UISwitch+CQTSMoreProperty.m"; sourceTree = "<group>"; };
		7845415C2549722F0070452E /* CQTSButtonFactory.h */ = {isa = PBXFileReference; fileEncoding = 4; lastKnownFileType = sourcecode.c.h; path = CQTSButtonFactory.h; sourceTree = "<group>"; };
		7845415D2549722F0070452E /* UIButton+CQTSMoreProperty.m */ = {isa = PBXFileReference; fileEncoding = 4; lastKnownFileType = sourcecode.c.objc; path = "UIButton+CQTSMoreProperty.m"; sourceTree = "<group>"; };
		7845415E2549722F0070452E /* CQTSSwitchViewFactory.m */ = {isa = PBXFileReference; fileEncoding = 4; lastKnownFileType = sourcecode.c.objc; path = CQTSSwitchViewFactory.m; sourceTree = "<group>"; };
		7845415F2549722F0070452E /* CQTSContainerViewFactory.m */ = {isa = PBXFileReference; fileEncoding = 4; lastKnownFileType = sourcecode.c.objc; path = CQTSContainerViewFactory.m; sourceTree = "<group>"; };
		784541602549722F0070452E /* CQTSBorderStateButton.m */ = {isa = PBXFileReference; fileEncoding = 4; lastKnownFileType = sourcecode.c.objc; path = CQTSBorderStateButton.m; sourceTree = "<group>"; };
		784541612549722F0070452E /* UIButton+CQTSMoreProperty.h */ = {isa = PBXFileReference; fileEncoding = 4; lastKnownFileType = sourcecode.c.h; path = "UIButton+CQTSMoreProperty.h"; sourceTree = "<group>"; };
		784541622549722F0070452E /* CQTSButtonFactory.m */ = {isa = PBXFileReference; fileEncoding = 4; lastKnownFileType = sourcecode.c.objc; path = CQTSButtonFactory.m; sourceTree = "<group>"; };
		784541632549722F0070452E /* UISwitch+CQTSMoreProperty.h */ = {isa = PBXFileReference; fileEncoding = 4; lastKnownFileType = sourcecode.c.h; path = "UISwitch+CQTSMoreProperty.h"; sourceTree = "<group>"; };
		784541652549722F0070452E /* CJUIKitToastUtil.h */ = {isa = PBXFileReference; fileEncoding = 4; lastKnownFileType = sourcecode.c.h; path = CJUIKitToastUtil.h; sourceTree = "<group>"; };
		784541662549722F0070452E /* CJUIKitAlertUtil.m */ = {isa = PBXFileReference; fileEncoding = 4; lastKnownFileType = sourcecode.c.objc; path = CJUIKitAlertUtil.m; sourceTree = "<group>"; };
		784541672549722F0070452E /* CJUIKitToastUtil.m */ = {isa = PBXFileReference; fileEncoding = 4; lastKnownFileType = sourcecode.c.objc; path = CJUIKitToastUtil.m; sourceTree = "<group>"; };
		784541682549722F0070452E /* CJUIKitAlertUtil.h */ = {isa = PBXFileReference; fileEncoding = 4; lastKnownFileType = sourcecode.c.h; path = CJUIKitAlertUtil.h; sourceTree = "<group>"; };
		7845416B2549722F0070452E /* CQTSNetImageDataModel.h */ = {isa = PBXFileReference; fileEncoding = 4; lastKnownFileType = sourcecode.c.h; path = CQTSNetImageDataModel.h; sourceTree = "<group>"; };
		7845416C2549722F0070452E /* CQTSNetImagesUtil.h */ = {isa = PBXFileReference; fileEncoding = 4; lastKnownFileType = sourcecode.c.h; path = CQTSNetImagesUtil.h; sourceTree = "<group>"; };
		7845416D2549722F0070452E /* CQTSNetImageDataModel.m */ = {isa = PBXFileReference; fileEncoding = 4; lastKnownFileType = sourcecode.c.objc; path = CQTSNetImageDataModel.m; sourceTree = "<group>"; };
		7845416E2549722F0070452E /* CQTSNetImagesUtil.m */ = {isa = PBXFileReference; fileEncoding = 4; lastKnownFileType = sourcecode.c.objc; path = CQTSNetImagesUtil.m; sourceTree = "<group>"; };
		784541702549722F0070452E /* CQTSIconsUtil.m */ = {isa = PBXFileReference; fileEncoding = 4; lastKnownFileType = sourcecode.c.objc; path = CQTSIconsUtil.m; sourceTree = "<group>"; };
		784541712549722F0070452E /* CQTSIconDataModel.m */ = {isa = PBXFileReference; fileEncoding = 4; lastKnownFileType = sourcecode.c.objc; path = CQTSIconDataModel.m; sourceTree = "<group>"; };
		784541722549722F0070452E /* CQTSIconsUtil.h */ = {isa = PBXFileReference; fileEncoding = 4; lastKnownFileType = sourcecode.c.h; path = CQTSIconsUtil.h; sourceTree = "<group>"; };
		784541732549722F0070452E /* CQTSIconDataModel.h */ = {isa = PBXFileReference; fileEncoding = 4; lastKnownFileType = sourcecode.c.h; path = CQTSIconDataModel.h; sourceTree = "<group>"; };
		784541752549722F0070452E /* CQTSLocImageDataModel.m */ = {isa = PBXFileReference; fileEncoding = 4; lastKnownFileType = sourcecode.c.objc; path = CQTSLocImageDataModel.m; sourceTree = "<group>"; };
		784541772549722F0070452E /* cqts_8.jpg */ = {isa = PBXFileReference; lastKnownFileType = image.jpeg; path = cqts_8.jpg; sourceTree = "<group>"; };
		784541782549722F0070452E /* cqts_9.jpg */ = {isa = PBXFileReference; lastKnownFileType = image.jpeg; path = cqts_9.jpg; sourceTree = "<group>"; };
		784541792549722F0070452E /* cqts_placeholder01.jpg */ = {isa = PBXFileReference; lastKnownFileType = image.jpeg; path = cqts_placeholder01.jpg; sourceTree = "<group>"; };
		7845417A2549722F0070452E /* cqts_bgCar@2x.jpg */ = {isa = PBXFileReference; lastKnownFileType = image.jpeg; path = "cqts_bgCar@2x.jpg"; sourceTree = "<group>"; };
		7845417B2549722F0070452E /* cqts_1.jpg */ = {isa = PBXFileReference; lastKnownFileType = image.jpeg; path = cqts_1.jpg; sourceTree = "<group>"; };
		7845417C2549722F0070452E /* cqts_10.jpg */ = {isa = PBXFileReference; lastKnownFileType = image.jpeg; path = cqts_10.jpg; sourceTree = "<group>"; };
		7845417D2549722F0070452E /* cqts_2.jpg */ = {isa = PBXFileReference; lastKnownFileType = image.jpeg; path = cqts_2.jpg; sourceTree = "<group>"; };
		7845417E2549722F0070452E /* cqts_3.jpg */ = {isa = PBXFileReference; lastKnownFileType = image.jpeg; path = cqts_3.jpg; sourceTree = "<group>"; };
		7845417F2549722F0070452E /* cqts_7.jpg */ = {isa = PBXFileReference; lastKnownFileType = image.jpeg; path = cqts_7.jpg; sourceTree = "<group>"; };
		784541802549722F0070452E /* cqts_6.jpg */ = {isa = PBXFileReference; lastKnownFileType = image.jpeg; path = cqts_6.jpg; sourceTree = "<group>"; };
		784541812549722F0070452E /* cqts_bgSky@2x.jpg */ = {isa = PBXFileReference; lastKnownFileType = image.jpeg; path = "cqts_bgSky@2x.jpg"; sourceTree = "<group>"; };
		784541822549722F0070452E /* cqts_4.jpg */ = {isa = PBXFileReference; lastKnownFileType = image.jpeg; path = cqts_4.jpg; sourceTree = "<group>"; };
		784541832549722F0070452E /* cqts_5.jpg */ = {isa = PBXFileReference; lastKnownFileType = image.jpeg; path = cqts_5.jpg; sourceTree = "<group>"; };
		784541842549722F0070452E /* CQTSLocImagesUtil.h */ = {isa = PBXFileReference; fileEncoding = 4; lastKnownFileType = sourcecode.c.h; path = CQTSLocImagesUtil.h; sourceTree = "<group>"; };
		784541852549722F0070452E /* CQTSLocImageDataModel.h */ = {isa = PBXFileReference; fileEncoding = 4; lastKnownFileType = sourcecode.c.h; path = CQTSLocImageDataModel.h; sourceTree = "<group>"; };
		784541862549722F0070452E /* CQTSLocImagesUtil.m */ = {isa = PBXFileReference; fileEncoding = 4; lastKnownFileType = sourcecode.c.objc; path = CQTSLocImagesUtil.m; sourceTree = "<group>"; };
		784541C4254977580070452E /* CJUIKitBaseCollectionHomeViewController.swift */ = {isa = PBXFileReference; fileEncoding = 4; lastKnownFileType = sourcecode.swift; path = CJUIKitBaseCollectionHomeViewController.swift; sourceTree = "<group>"; };
		784541C5254977580070452E /* UIWindow+RootSetting.swift */ = {isa = PBXFileReference; fileEncoding = 4; lastKnownFileType = sourcecode.swift; path = "UIWindow+RootSetting.swift"; sourceTree = "<group>"; };
		784541C6254977580070452E /* CJUIKitBaseHomeViewController.swift */ = {isa = PBXFileReference; fileEncoding = 4; lastKnownFileType = sourcecode.swift; path = CJUIKitBaseHomeViewController.swift; sourceTree = "<group>"; };
		784541C7254977580070452E /* CJUIKitBaseViewController.swift */ = {isa = PBXFileReference; fileEncoding = 4; lastKnownFileType = sourcecode.swift; path = CJUIKitBaseViewController.swift; sourceTree = "<group>"; };
		784541C9254977580070452E /* CJUIKitCollectionViewCell.swift */ = {isa = PBXFileReference; fileEncoding = 4; lastKnownFileType = sourcecode.swift; path = CJUIKitCollectionViewCell.swift; sourceTree = "<group>"; };
		784541CA254977580070452E /* CQDMSectionDataModel.swift */ = {isa = PBXFileReference; fileEncoding = 4; lastKnownFileType = sourcecode.swift; path = CQDMSectionDataModel.swift; sourceTree = "<group>"; };
		784541CB254977580070452E /* CQDMModuleModel.swift */ = {isa = PBXFileReference; fileEncoding = 4; lastKnownFileType = sourcecode.swift; path = CQDMModuleModel.swift; sourceTree = "<group>"; };
		784541CC254977580070452E /* CJUIKitBaseScrollViewController.swift */ = {isa = PBXFileReference; fileEncoding = 4; lastKnownFileType = sourcecode.swift; path = CJUIKitBaseScrollViewController.swift; sourceTree = "<group>"; };
		786BCEE32274549C0085F619 /* CJStandardProjectSwiftDemo.app */ = {isa = PBXFileReference; explicitFileType = wrapper.application; includeInIndex = 0; path = CJStandardProjectSwiftDemo.app; sourceTree = BUILT_PRODUCTS_DIR; };
		786BCEE62274549C0085F619 /* AppDelegate.swift */ = {isa = PBXFileReference; lastKnownFileType = sourcecode.swift; path = AppDelegate.swift; sourceTree = "<group>"; };
		786BCEE82274549C0085F619 /* ViewController.swift */ = {isa = PBXFileReference; lastKnownFileType = sourcecode.swift; path = ViewController.swift; sourceTree = "<group>"; };
		786BCEEB2274549C0085F619 /* Base */ = {isa = PBXFileReference; lastKnownFileType = file.storyboard; name = Base; path = Base.lproj/Main.storyboard; sourceTree = "<group>"; };
		786BCEED2274549D0085F619 /* Assets.xcassets */ = {isa = PBXFileReference; lastKnownFileType = folder.assetcatalog; path = Assets.xcassets; sourceTree = "<group>"; };
		786BCEF02274549D0085F619 /* Base */ = {isa = PBXFileReference; lastKnownFileType = file.storyboard; name = Base; path = Base.lproj/LaunchScreen.storyboard; sourceTree = "<group>"; };
		786BCEF22274549D0085F619 /* Info.plist */ = {isa = PBXFileReference; lastKnownFileType = text.plist.xml; path = Info.plist; sourceTree = "<group>"; };
		786BCEF72274549D0085F619 /* CJStandardProjectSwiftDemoTests.xctest */ = {isa = PBXFileReference; explicitFileType = wrapper.cfbundle; includeInIndex = 0; path = CJStandardProjectSwiftDemoTests.xctest; sourceTree = BUILT_PRODUCTS_DIR; };
		786BCEFB2274549D0085F619 /* CJStandardProjectSwiftDemoTests.swift */ = {isa = PBXFileReference; lastKnownFileType = sourcecode.swift; path = CJStandardProjectSwiftDemoTests.swift; sourceTree = "<group>"; };
		786BCEFD2274549D0085F619 /* Info.plist */ = {isa = PBXFileReference; lastKnownFileType = text.plist.xml; path = Info.plist; sourceTree = "<group>"; };
		786BCF022274549E0085F619 /* CJStandardProjectSwiftDemoUITests.xctest */ = {isa = PBXFileReference; explicitFileType = wrapper.cfbundle; includeInIndex = 0; path = CJStandardProjectSwiftDemoUITests.xctest; sourceTree = BUILT_PRODUCTS_DIR; };
		786BCF062274549E0085F619 /* CJStandardProjectSwiftDemoUITests.swift */ = {isa = PBXFileReference; lastKnownFileType = sourcecode.swift; path = CJStandardProjectSwiftDemoUITests.swift; sourceTree = "<group>"; };
		786BCF082274549E0085F619 /* Info.plist */ = {isa = PBXFileReference; lastKnownFileType = text.plist.xml; path = Info.plist; sourceTree = "<group>"; };
		79BD77B50D2D03D7D07676F8 /* Pods-CJStandardProjectSwiftDemo.debug.xcconfig */ = {isa = PBXFileReference; includeInIndex = 1; lastKnownFileType = text.xcconfig; name = "Pods-CJStandardProjectSwiftDemo.debug.xcconfig"; path = "Target Support Files/Pods-CJStandardProjectSwiftDemo/Pods-CJStandardProjectSwiftDemo.debug.xcconfig"; sourceTree = "<group>"; };
		B6FD94FCF49C34DA58902FAD /* libPods-CJStandardProjectSwiftDemoTests.a */ = {isa = PBXFileReference; explicitFileType = archive.ar; includeInIndex = 0; path = "libPods-CJStandardProjectSwiftDemoTests.a"; sourceTree = BUILT_PRODUCTS_DIR; };
		EC51F3BDE1AFC792DAE85C99 /* libPods-CJStandardProjectSwiftDemo.a */ = {isa = PBXFileReference; explicitFileType = archive.ar; includeInIndex = 0; path = "libPods-CJStandardProjectSwiftDemo.a"; sourceTree = BUILT_PRODUCTS_DIR; };
/* End PBXFileReference section */

/* Begin PBXFrameworksBuildPhase section */
		786BCEE02274549C0085F619 /* Frameworks */ = {
			isa = PBXFrameworksBuildPhase;
			buildActionMask = 2147483647;
			files = (
				D1DC083BA74F1BB09B247D02 /* libPods-CJStandardProjectSwiftDemo.a in Frameworks */,
			);
			runOnlyForDeploymentPostprocessing = 0;
		};
		786BCEF42274549D0085F619 /* Frameworks */ = {
			isa = PBXFrameworksBuildPhase;
			buildActionMask = 2147483647;
			files = (
				CDD606A89C7DA0DA52948F8D /* libPods-CJStandardProjectSwiftDemoTests.a in Frameworks */,
			);
			runOnlyForDeploymentPostprocessing = 0;
		};
		786BCEFF2274549E0085F619 /* Frameworks */ = {
			isa = PBXFrameworksBuildPhase;
			buildActionMask = 2147483647;
			files = (
			);
			runOnlyForDeploymentPostprocessing = 0;
		};
/* End PBXFrameworksBuildPhase section */

/* Begin PBXGroup section */
		783DE4E10ADAF4985A77A35A /* Frameworks */ = {
			isa = PBXGroup;
			children = (
				EC51F3BDE1AFC792DAE85C99 /* libPods-CJStandardProjectSwiftDemo.a */,
				B6FD94FCF49C34DA58902FAD /* libPods-CJStandardProjectSwiftDemoTests.a */,
			);
			name = Frameworks;
			sourceTree = "<group>";
		};
		784541492549722F0070452E /* CQDemoKit-Swift */ = {
			isa = PBXGroup;
			children = (
				784541C3254977580070452E /* BaseVC */,
				784541572549722F0070452E /* BaseUIKit */,
				784541642549722F0070452E /* BaseUtil */,
				784541692549722F0070452E /* Demo_Resource */,
			);
			path = "CQDemoKit-Swift";
			sourceTree = "<group>";
		};
		784541572549722F0070452E /* BaseUIKit */ = {
			isa = PBXGroup;
			children = (
				784541582549722F0070452E /* CQTSContainerViewFactory.h */,
				784541592549722F0070452E /* CQTSSwitchViewFactory.h */,
				7845415A2549722F0070452E /* CQTSBorderStateButton.h */,
				7845415B2549722F0070452E /* UISwitch+CQTSMoreProperty.m */,
				7845415C2549722F0070452E /* CQTSButtonFactory.h */,
				7845415D2549722F0070452E /* UIButton+CQTSMoreProperty.m */,
				7845415E2549722F0070452E /* CQTSSwitchViewFactory.m */,
				7845415F2549722F0070452E /* CQTSContainerViewFactory.m */,
				784541602549722F0070452E /* CQTSBorderStateButton.m */,
				784541612549722F0070452E /* UIButton+CQTSMoreProperty.h */,
				784541622549722F0070452E /* CQTSButtonFactory.m */,
				784541632549722F0070452E /* UISwitch+CQTSMoreProperty.h */,
			);
			path = BaseUIKit;
			sourceTree = "<group>";
		};
		784541642549722F0070452E /* BaseUtil */ = {
			isa = PBXGroup;
			children = (
				784541652549722F0070452E /* CJUIKitToastUtil.h */,
				784541662549722F0070452E /* CJUIKitAlertUtil.m */,
				784541672549722F0070452E /* CJUIKitToastUtil.m */,
				784541682549722F0070452E /* CJUIKitAlertUtil.h */,
			);
			path = BaseUtil;
			sourceTree = "<group>";
		};
		784541692549722F0070452E /* Demo_Resource */ = {
			isa = PBXGroup;
			children = (
				7845416A2549722F0070452E /* NetDataModel */,
				7845416F2549722F0070452E /* IconDataModel */,
				784541742549722F0070452E /* LocDataModel */,
			);
			path = Demo_Resource;
			sourceTree = "<group>";
		};
		7845416A2549722F0070452E /* NetDataModel */ = {
			isa = PBXGroup;
			children = (
				7845416B2549722F0070452E /* CQTSNetImageDataModel.h */,
				7845416C2549722F0070452E /* CQTSNetImagesUtil.h */,
				7845416D2549722F0070452E /* CQTSNetImageDataModel.m */,
				7845416E2549722F0070452E /* CQTSNetImagesUtil.m */,
			);
			path = NetDataModel;
			sourceTree = "<group>";
		};
		7845416F2549722F0070452E /* IconDataModel */ = {
			isa = PBXGroup;
			children = (
				784541702549722F0070452E /* CQTSIconsUtil.m */,
				784541712549722F0070452E /* CQTSIconDataModel.m */,
				784541722549722F0070452E /* CQTSIconsUtil.h */,
				784541732549722F0070452E /* CQTSIconDataModel.h */,
			);
			path = IconDataModel;
			sourceTree = "<group>";
		};
		784541742549722F0070452E /* LocDataModel */ = {
			isa = PBXGroup;
			children = (
				784541752549722F0070452E /* CQTSLocImageDataModel.m */,
				784541762549722F0070452E /* Resources */,
				784541842549722F0070452E /* CQTSLocImagesUtil.h */,
				784541852549722F0070452E /* CQTSLocImageDataModel.h */,
				784541862549722F0070452E /* CQTSLocImagesUtil.m */,
			);
			path = LocDataModel;
			sourceTree = "<group>";
		};
		784541762549722F0070452E /* Resources */ = {
			isa = PBXGroup;
			children = (
				784541772549722F0070452E /* cqts_8.jpg */,
				784541782549722F0070452E /* cqts_9.jpg */,
				784541792549722F0070452E /* cqts_placeholder01.jpg */,
				7845417A2549722F0070452E /* cqts_bgCar@2x.jpg */,
				7845417B2549722F0070452E /* cqts_1.jpg */,
				7845417C2549722F0070452E /* cqts_10.jpg */,
				7845417D2549722F0070452E /* cqts_2.jpg */,
				7845417E2549722F0070452E /* cqts_3.jpg */,
				7845417F2549722F0070452E /* cqts_7.jpg */,
				784541802549722F0070452E /* cqts_6.jpg */,
				784541812549722F0070452E /* cqts_bgSky@2x.jpg */,
				784541822549722F0070452E /* cqts_4.jpg */,
				784541832549722F0070452E /* cqts_5.jpg */,
			);
			path = Resources;
			sourceTree = "<group>";
		};
		784541C3254977580070452E /* BaseVC */ = {
			isa = PBXGroup;
			children = (
				784541C4254977580070452E /* CJUIKitBaseCollectionHomeViewController.swift */,
				784541C5254977580070452E /* UIWindow+RootSetting.swift */,
				784541C6254977580070452E /* CJUIKitBaseHomeViewController.swift */,
				784541C7254977580070452E /* CJUIKitBaseViewController.swift */,
				784541C8254977580070452E /* Other */,
				784541CC254977580070452E /* CJUIKitBaseScrollViewController.swift */,
			);
			path = BaseVC;
			sourceTree = "<group>";
		};
		784541C8254977580070452E /* Other */ = {
			isa = PBXGroup;
			children = (
				784541C9254977580070452E /* CJUIKitCollectionViewCell.swift */,
				784541CA254977580070452E /* CQDMSectionDataModel.swift */,
				784541CB254977580070452E /* CQDMModuleModel.swift */,
			);
			path = Other;
			sourceTree = "<group>";
		};
		786BCEDA2274549C0085F619 = {
			isa = PBXGroup;
			children = (
				786BCEE52274549C0085F619 /* CJStandardProjectSwiftDemo */,
				786BCEFA2274549D0085F619 /* CJStandardProjectSwiftDemoTests */,
				786BCF052274549E0085F619 /* CJStandardProjectSwiftDemoUITests */,
				786BCEE42274549C0085F619 /* Products */,
				80E405A10854FF95D44838F5 /* Pods */,
				783DE4E10ADAF4985A77A35A /* Frameworks */,
			);
			sourceTree = "<group>";
		};
		786BCEE42274549C0085F619 /* Products */ = {
			isa = PBXGroup;
			children = (
				786BCEE32274549C0085F619 /* CJStandardProjectSwiftDemo.app */,
				786BCEF72274549D0085F619 /* CJStandardProjectSwiftDemoTests.xctest */,
				786BCF022274549E0085F619 /* CJStandardProjectSwiftDemoUITests.xctest */,
			);
			name = Products;
			sourceTree = "<group>";
		};
		786BCEE52274549C0085F619 /* CJStandardProjectSwiftDemo */ = {
			isa = PBXGroup;
			children = (
				786BCEE62274549C0085F619 /* AppDelegate.swift */,
				786BCEE82274549C0085F619 /* ViewController.swift */,
				784541492549722F0070452E /* CQDemoKit-Swift */,
				786BCEEA2274549C0085F619 /* Main.storyboard */,
				786BCEED2274549D0085F619 /* Assets.xcassets */,
				786BCEEF2274549D0085F619 /* LaunchScreen.storyboard */,
				786BCEF22274549D0085F619 /* Info.plist */,
			);
			path = CJStandardProjectSwiftDemo;
			sourceTree = "<group>";
		};
		786BCEFA2274549D0085F619 /* CJStandardProjectSwiftDemoTests */ = {
			isa = PBXGroup;
			children = (
				786BCEFB2274549D0085F619 /* CJStandardProjectSwiftDemoTests.swift */,
				786BCEFD2274549D0085F619 /* Info.plist */,
			);
			path = CJStandardProjectSwiftDemoTests;
			sourceTree = "<group>";
		};
		786BCF052274549E0085F619 /* CJStandardProjectSwiftDemoUITests */ = {
			isa = PBXGroup;
			children = (
				786BCF062274549E0085F619 /* CJStandardProjectSwiftDemoUITests.swift */,
				786BCF082274549E0085F619 /* Info.plist */,
			);
			path = CJStandardProjectSwiftDemoUITests;
			sourceTree = "<group>";
		};
		80E405A10854FF95D44838F5 /* Pods */ = {
			isa = PBXGroup;
			children = (
				79BD77B50D2D03D7D07676F8 /* Pods-CJStandardProjectSwiftDemo.debug.xcconfig */,
				3082D59E93FADF91823D356E /* Pods-CJStandardProjectSwiftDemo.release.xcconfig */,
				0ABD07D495757B9A80D1507D /* Pods-CJStandardProjectSwiftDemoTests.debug.xcconfig */,
				4C7B78585050D5559051292C /* Pods-CJStandardProjectSwiftDemoTests.release.xcconfig */,
			);
			path = Pods;
			sourceTree = "<group>";
		};
/* End PBXGroup section */

/* Begin PBXNativeTarget section */
		786BCEE22274549C0085F619 /* CJStandardProjectSwiftDemo */ = {
			isa = PBXNativeTarget;
			buildConfigurationList = 786BCF0B2274549E0085F619 /* Build configuration list for PBXNativeTarget "CJStandardProjectSwiftDemo" */;
			buildPhases = (
				BE48534ED38FEFA18C923B4F /* [CP] Check Pods Manifest.lock */,
				786BCEDF2274549C0085F619 /* Sources */,
				786BCEE02274549C0085F619 /* Frameworks */,
				786BCEE12274549C0085F619 /* Resources */,
			);
			buildRules = (
			);
			dependencies = (
			);
			name = CJStandardProjectSwiftDemo;
			productName = CJStandardProjectSwiftDemo;
			productReference = 786BCEE32274549C0085F619 /* CJStandardProjectSwiftDemo.app */;
			productType = "com.apple.product-type.application";
		};
		786BCEF62274549D0085F619 /* CJStandardProjectSwiftDemoTests */ = {
			isa = PBXNativeTarget;
			buildConfigurationList = 786BCF0E2274549E0085F619 /* Build configuration list for PBXNativeTarget "CJStandardProjectSwiftDemoTests" */;
			buildPhases = (
				4AE9ABC98C4F78F6D3182A0D /* [CP] Check Pods Manifest.lock */,
				786BCEF32274549D0085F619 /* Sources */,
				786BCEF42274549D0085F619 /* Frameworks */,
				786BCEF52274549D0085F619 /* Resources */,
			);
			buildRules = (
			);
			dependencies = (
				786BCEF92274549D0085F619 /* PBXTargetDependency */,
			);
			name = CJStandardProjectSwiftDemoTests;
			productName = CJStandardProjectSwiftDemoTests;
			productReference = 786BCEF72274549D0085F619 /* CJStandardProjectSwiftDemoTests.xctest */;
			productType = "com.apple.product-type.bundle.unit-test";
		};
		786BCF012274549E0085F619 /* CJStandardProjectSwiftDemoUITests */ = {
			isa = PBXNativeTarget;
			buildConfigurationList = 786BCF112274549E0085F619 /* Build configuration list for PBXNativeTarget "CJStandardProjectSwiftDemoUITests" */;
			buildPhases = (
				786BCEFE2274549E0085F619 /* Sources */,
				786BCEFF2274549E0085F619 /* Frameworks */,
				786BCF002274549E0085F619 /* Resources */,
			);
			buildRules = (
			);
			dependencies = (
				786BCF042274549E0085F619 /* PBXTargetDependency */,
			);
			name = CJStandardProjectSwiftDemoUITests;
			productName = CJStandardProjectSwiftDemoUITests;
			productReference = 786BCF022274549E0085F619 /* CJStandardProjectSwiftDemoUITests.xctest */;
			productType = "com.apple.product-type.bundle.ui-testing";
		};
/* End PBXNativeTarget section */

/* Begin PBXProject section */
		786BCEDB2274549C0085F619 /* Project object */ = {
			isa = PBXProject;
			attributes = {
				LastSwiftUpdateCheck = 1020;
				LastUpgradeCheck = 1020;
				ORGANIZATIONNAME = dvlproad;
				TargetAttributes = {
					786BCEE22274549C0085F619 = {
						CreatedOnToolsVersion = 10.2;
					};
					786BCEF62274549D0085F619 = {
						CreatedOnToolsVersion = 10.2;
						TestTargetID = 786BCEE22274549C0085F619;
					};
					786BCF012274549E0085F619 = {
						CreatedOnToolsVersion = 10.2;
						TestTargetID = 786BCEE22274549C0085F619;
					};
				};
			};
			buildConfigurationList = 786BCEDE2274549C0085F619 /* Build configuration list for PBXProject "CJStandardProjectSwiftDemo" */;
			compatibilityVersion = "Xcode 9.3";
			developmentRegion = en;
			hasScannedForEncodings = 0;
			knownRegions = (
				en,
				Base,
			);
			mainGroup = 786BCEDA2274549C0085F619;
			productRefGroup = 786BCEE42274549C0085F619 /* Products */;
			projectDirPath = "";
			projectRoot = "";
			targets = (
				786BCEE22274549C0085F619 /* CJStandardProjectSwiftDemo */,
				786BCEF62274549D0085F619 /* CJStandardProjectSwiftDemoTests */,
				786BCF012274549E0085F619 /* CJStandardProjectSwiftDemoUITests */,
			);
		};
/* End PBXProject section */

/* Begin PBXResourcesBuildPhase section */
		786BCEE12274549C0085F619 /* Resources */ = {
			isa = PBXResourcesBuildPhase;
			buildActionMask = 2147483647;
			files = (
				784541A62549722F0070452E /* cqts_bgSky@2x.jpg in Resources */,
				784541A32549722F0070452E /* cqts_3.jpg in Resources */,
				786BCEF12274549D0085F619 /* LaunchScreen.storyboard in Resources */,
				784541A22549722F0070452E /* cqts_2.jpg in Resources */,
				7845419F2549722F0070452E /* cqts_bgCar@2x.jpg in Resources */,
				7845419D2549722F0070452E /* cqts_9.jpg in Resources */,
				784541A72549722F0070452E /* cqts_4.jpg in Resources */,
				786BCEEE2274549D0085F619 /* Assets.xcassets in Resources */,
				784541A82549722F0070452E /* cqts_5.jpg in Resources */,
				784541A42549722F0070452E /* cqts_7.jpg in Resources */,
				784541A02549722F0070452E /* cqts_1.jpg in Resources */,
				786BCEEC2274549C0085F619 /* Main.storyboard in Resources */,
				784541A52549722F0070452E /* cqts_6.jpg in Resources */,
				7845419C2549722F0070452E /* cqts_8.jpg in Resources */,
				784541A12549722F0070452E /* cqts_10.jpg in Resources */,
				7845419E2549722F0070452E /* cqts_placeholder01.jpg in Resources */,
			);
			runOnlyForDeploymentPostprocessing = 0;
		};
		786BCEF52274549D0085F619 /* Resources */ = {
			isa = PBXResourcesBuildPhase;
			buildActionMask = 2147483647;
			files = (
			);
			runOnlyForDeploymentPostprocessing = 0;
		};
		786BCF002274549E0085F619 /* Resources */ = {
			isa = PBXResourcesBuildPhase;
			buildActionMask = 2147483647;
			files = (
			);
			runOnlyForDeploymentPostprocessing = 0;
		};
/* End PBXResourcesBuildPhase section */

/* Begin PBXShellScriptBuildPhase section */
		4AE9ABC98C4F78F6D3182A0D /* [CP] Check Pods Manifest.lock */ = {
			isa = PBXShellScriptBuildPhase;
			buildActionMask = 2147483647;
			files = (
			);
			inputFileListPaths = (
			);
			inputPaths = (
				"${PODS_PODFILE_DIR_PATH}/Podfile.lock",
				"${PODS_ROOT}/Manifest.lock",
			);
			name = "[CP] Check Pods Manifest.lock";
			outputFileListPaths = (
			);
			outputPaths = (
				"$(DERIVED_FILE_DIR)/Pods-CJStandardProjectSwiftDemoTests-checkManifestLockResult.txt",
			);
			runOnlyForDeploymentPostprocessing = 0;
			shellPath = /bin/sh;
			shellScript = "diff \"${PODS_PODFILE_DIR_PATH}/Podfile.lock\" \"${PODS_ROOT}/Manifest.lock\" > /dev/null\nif [ $? != 0 ] ; then\n    # print error to STDERR\n    echo \"error: The sandbox is not in sync with the Podfile.lock. Run 'pod install' or update your CocoaPods installation.\" >&2\n    exit 1\nfi\n# This output is used by Xcode 'outputs' to avoid re-running this script phase.\necho \"SUCCESS\" > \"${SCRIPT_OUTPUT_FILE_0}\"\n";
			showEnvVarsInLog = 0;
		};
		BE48534ED38FEFA18C923B4F /* [CP] Check Pods Manifest.lock */ = {
			isa = PBXShellScriptBuildPhase;
			buildActionMask = 2147483647;
			files = (
			);
			inputFileListPaths = (
			);
			inputPaths = (
				"${PODS_PODFILE_DIR_PATH}/Podfile.lock",
				"${PODS_ROOT}/Manifest.lock",
			);
			name = "[CP] Check Pods Manifest.lock";
			outputFileListPaths = (
			);
			outputPaths = (
				"$(DERIVED_FILE_DIR)/Pods-CJStandardProjectSwiftDemo-checkManifestLockResult.txt",
			);
			runOnlyForDeploymentPostprocessing = 0;
			shellPath = /bin/sh;
			shellScript = "diff \"${PODS_PODFILE_DIR_PATH}/Podfile.lock\" \"${PODS_ROOT}/Manifest.lock\" > /dev/null\nif [ $? != 0 ] ; then\n    # print error to STDERR\n    echo \"error: The sandbox is not in sync with the Podfile.lock. Run 'pod install' or update your CocoaPods installation.\" >&2\n    exit 1\nfi\n# This output is used by Xcode 'outputs' to avoid re-running this script phase.\necho \"SUCCESS\" > \"${SCRIPT_OUTPUT_FILE_0}\"\n";
			showEnvVarsInLog = 0;
		};
/* End PBXShellScriptBuildPhase section */

/* Begin PBXSourcesBuildPhase section */
		786BCEDF2274549C0085F619 /* Sources */ = {
			isa = PBXSourcesBuildPhase;
			buildActionMask = 2147483647;
			files = (
				7845419B2549722F0070452E /* CQTSLocImageDataModel.m in Sources */,
				784541D1254977580070452E /* CJUIKitCollectionViewCell.swift in Sources */,
				7845418F2549722F0070452E /* UISwitch+CQTSMoreProperty.m in Sources */,
				784541922549722F0070452E /* CQTSContainerViewFactory.m in Sources */,
				784541D4254977580070452E /* CJUIKitBaseScrollViewController.swift in Sources */,
				784541962549722F0070452E /* CJUIKitToastUtil.m in Sources */,
				784541902549722F0070452E /* UIButton+CQTSMoreProperty.m in Sources */,
				784541952549722F0070452E /* CJUIKitAlertUtil.m in Sources */,
				784541CD254977580070452E /* CJUIKitBaseCollectionHomeViewController.swift in Sources */,
				784541D0254977580070452E /* CJUIKitBaseViewController.swift in Sources */,
				784541CF254977580070452E /* CJUIKitBaseHomeViewController.swift in Sources */,
				784541D2254977580070452E /* CQDMSectionDataModel.swift in Sources */,
				784541912549722F0070452E /* CQTSSwitchViewFactory.m in Sources */,
				784541972549722F0070452E /* CQTSNetImageDataModel.m in Sources */,
				784541932549722F0070452E /* CQTSBorderStateButton.m in Sources */,
				7845419A2549722F0070452E /* CQTSIconDataModel.m in Sources */,
				784541982549722F0070452E /* CQTSNetImagesUtil.m in Sources */,
				784541CE254977580070452E /* UIWindow+RootSetting.swift in Sources */,
				784541A92549722F0070452E /* CQTSLocImagesUtil.m in Sources */,
				784541942549722F0070452E /* CQTSButtonFactory.m in Sources */,
				786BCEE92274549C0085F619 /* ViewController.swift in Sources */,
				784541992549722F0070452E /* CQTSIconsUtil.m in Sources */,
				786BCEE72274549C0085F619 /* AppDelegate.swift in Sources */,
				784541D3254977580070452E /* CQDMModuleModel.swift in Sources */,
			);
			runOnlyForDeploymentPostprocessing = 0;
		};
		786BCEF32274549D0085F619 /* Sources */ = {
			isa = PBXSourcesBuildPhase;
			buildActionMask = 2147483647;
			files = (
				786BCEFC2274549D0085F619 /* CJStandardProjectSwiftDemoTests.swift in Sources */,
			);
			runOnlyForDeploymentPostprocessing = 0;
		};
		786BCEFE2274549E0085F619 /* Sources */ = {
			isa = PBXSourcesBuildPhase;
			buildActionMask = 2147483647;
			files = (
				786BCF072274549E0085F619 /* CJStandardProjectSwiftDemoUITests.swift in Sources */,
			);
			runOnlyForDeploymentPostprocessing = 0;
		};
/* End PBXSourcesBuildPhase section */

/* Begin PBXTargetDependency section */
		786BCEF92274549D0085F619 /* PBXTargetDependency */ = {
			isa = PBXTargetDependency;
			target = 786BCEE22274549C0085F619 /* CJStandardProjectSwiftDemo */;
			targetProxy = 786BCEF82274549D0085F619 /* PBXContainerItemProxy */;
		};
		786BCF042274549E0085F619 /* PBXTargetDependency */ = {
			isa = PBXTargetDependency;
			target = 786BCEE22274549C0085F619 /* CJStandardProjectSwiftDemo */;
			targetProxy = 786BCF032274549E0085F619 /* PBXContainerItemProxy */;
		};
/* End PBXTargetDependency section */

/* Begin PBXVariantGroup section */
		786BCEEA2274549C0085F619 /* Main.storyboard */ = {
			isa = PBXVariantGroup;
			children = (
				786BCEEB2274549C0085F619 /* Base */,
			);
			name = Main.storyboard;
			sourceTree = "<group>";
		};
		786BCEEF2274549D0085F619 /* LaunchScreen.storyboard */ = {
			isa = PBXVariantGroup;
			children = (
				786BCEF02274549D0085F619 /* Base */,
			);
			name = LaunchScreen.storyboard;
			sourceTree = "<group>";
		};
/* End PBXVariantGroup section */

/* Begin XCBuildConfiguration section */
		786BCF092274549E0085F619 /* Debug */ = {
			isa = XCBuildConfiguration;
			buildSettings = {
				ALWAYS_SEARCH_USER_PATHS = NO;
				CLANG_ANALYZER_NONNULL = YES;
				CLANG_ANALYZER_NUMBER_OBJECT_CONVERSION = YES_AGGRESSIVE;
				CLANG_CXX_LANGUAGE_STANDARD = "gnu++14";
				CLANG_CXX_LIBRARY = "libc++";
				CLANG_ENABLE_MODULES = YES;
				CLANG_ENABLE_OBJC_ARC = YES;
				CLANG_ENABLE_OBJC_WEAK = YES;
				CLANG_WARN_BLOCK_CAPTURE_AUTORELEASING = YES;
				CLANG_WARN_BOOL_CONVERSION = YES;
				CLANG_WARN_COMMA = YES;
				CLANG_WARN_CONSTANT_CONVERSION = YES;
				CLANG_WARN_DEPRECATED_OBJC_IMPLEMENTATIONS = YES;
				CLANG_WARN_DIRECT_OBJC_ISA_USAGE = YES_ERROR;
				CLANG_WARN_DOCUMENTATION_COMMENTS = YES;
				CLANG_WARN_EMPTY_BODY = YES;
				CLANG_WARN_ENUM_CONVERSION = YES;
				CLANG_WARN_INFINITE_RECURSION = YES;
				CLANG_WARN_INT_CONVERSION = YES;
				CLANG_WARN_NON_LITERAL_NULL_CONVERSION = YES;
				CLANG_WARN_OBJC_IMPLICIT_RETAIN_SELF = YES;
				CLANG_WARN_OBJC_LITERAL_CONVERSION = YES;
				CLANG_WARN_OBJC_ROOT_CLASS = YES_ERROR;
				CLANG_WARN_RANGE_LOOP_ANALYSIS = YES;
				CLANG_WARN_STRICT_PROTOTYPES = YES;
				CLANG_WARN_SUSPICIOUS_MOVE = YES;
				CLANG_WARN_UNGUARDED_AVAILABILITY = YES_AGGRESSIVE;
				CLANG_WARN_UNREACHABLE_CODE = YES;
				CLANG_WARN__DUPLICATE_METHOD_MATCH = YES;
				CODE_SIGN_IDENTITY = "iPhone Developer";
				COPY_PHASE_STRIP = NO;
				DEBUG_INFORMATION_FORMAT = dwarf;
				ENABLE_STRICT_OBJC_MSGSEND = YES;
				ENABLE_TESTABILITY = YES;
				GCC_C_LANGUAGE_STANDARD = gnu11;
				GCC_DYNAMIC_NO_PIC = NO;
				GCC_NO_COMMON_BLOCKS = YES;
				GCC_OPTIMIZATION_LEVEL = 0;
				GCC_PREPROCESSOR_DEFINITIONS = (
					"DEBUG=1",
					"$(inherited)",
				);
				GCC_WARN_64_TO_32_BIT_CONVERSION = YES;
				GCC_WARN_ABOUT_RETURN_TYPE = YES_ERROR;
				GCC_WARN_UNDECLARED_SELECTOR = YES;
				GCC_WARN_UNINITIALIZED_AUTOS = YES_AGGRESSIVE;
				GCC_WARN_UNUSED_FUNCTION = YES;
				GCC_WARN_UNUSED_VARIABLE = YES;
				IPHONEOS_DEPLOYMENT_TARGET = 12.2;
				MTL_ENABLE_DEBUG_INFO = INCLUDE_SOURCE;
				MTL_FAST_MATH = YES;
				ONLY_ACTIVE_ARCH = YES;
				SDKROOT = iphoneos;
				SWIFT_ACTIVE_COMPILATION_CONDITIONS = DEBUG;
				SWIFT_OPTIMIZATION_LEVEL = "-Onone";
			};
			name = Debug;
		};
		786BCF0A2274549E0085F619 /* Release */ = {
			isa = XCBuildConfiguration;
			buildSettings = {
				ALWAYS_SEARCH_USER_PATHS = NO;
				CLANG_ANALYZER_NONNULL = YES;
				CLANG_ANALYZER_NUMBER_OBJECT_CONVERSION = YES_AGGRESSIVE;
				CLANG_CXX_LANGUAGE_STANDARD = "gnu++14";
				CLANG_CXX_LIBRARY = "libc++";
				CLANG_ENABLE_MODULES = YES;
				CLANG_ENABLE_OBJC_ARC = YES;
				CLANG_ENABLE_OBJC_WEAK = YES;
				CLANG_WARN_BLOCK_CAPTURE_AUTORELEASING = YES;
				CLANG_WARN_BOOL_CONVERSION = YES;
				CLANG_WARN_COMMA = YES;
				CLANG_WARN_CONSTANT_CONVERSION = YES;
				CLANG_WARN_DEPRECATED_OBJC_IMPLEMENTATIONS = YES;
				CLANG_WARN_DIRECT_OBJC_ISA_USAGE = YES_ERROR;
				CLANG_WARN_DOCUMENTATION_COMMENTS = YES;
				CLANG_WARN_EMPTY_BODY = YES;
				CLANG_WARN_ENUM_CONVERSION = YES;
				CLANG_WARN_INFINITE_RECURSION = YES;
				CLANG_WARN_INT_CONVERSION = YES;
				CLANG_WARN_NON_LITERAL_NULL_CONVERSION = YES;
				CLANG_WARN_OBJC_IMPLICIT_RETAIN_SELF = YES;
				CLANG_WARN_OBJC_LITERAL_CONVERSION = YES;
				CLANG_WARN_OBJC_ROOT_CLASS = YES_ERROR;
				CLANG_WARN_RANGE_LOOP_ANALYSIS = YES;
				CLANG_WARN_STRICT_PROTOTYPES = YES;
				CLANG_WARN_SUSPICIOUS_MOVE = YES;
				CLANG_WARN_UNGUARDED_AVAILABILITY = YES_AGGRESSIVE;
				CLANG_WARN_UNREACHABLE_CODE = YES;
				CLANG_WARN__DUPLICATE_METHOD_MATCH = YES;
				CODE_SIGN_IDENTITY = "iPhone Developer";
				COPY_PHASE_STRIP = NO;
				DEBUG_INFORMATION_FORMAT = "dwarf-with-dsym";
				ENABLE_NS_ASSERTIONS = NO;
				ENABLE_STRICT_OBJC_MSGSEND = YES;
				GCC_C_LANGUAGE_STANDARD = gnu11;
				GCC_NO_COMMON_BLOCKS = YES;
				GCC_WARN_64_TO_32_BIT_CONVERSION = YES;
				GCC_WARN_ABOUT_RETURN_TYPE = YES_ERROR;
				GCC_WARN_UNDECLARED_SELECTOR = YES;
				GCC_WARN_UNINITIALIZED_AUTOS = YES_AGGRESSIVE;
				GCC_WARN_UNUSED_FUNCTION = YES;
				GCC_WARN_UNUSED_VARIABLE = YES;
				IPHONEOS_DEPLOYMENT_TARGET = 12.2;
				MTL_ENABLE_DEBUG_INFO = NO;
				MTL_FAST_MATH = YES;
				SDKROOT = iphoneos;
				SWIFT_COMPILATION_MODE = wholemodule;
				SWIFT_OPTIMIZATION_LEVEL = "-O";
				VALIDATE_PRODUCT = YES;
			};
			name = Release;
		};
		786BCF0C2274549E0085F619 /* Debug */ = {
			isa = XCBuildConfiguration;
			baseConfigurationReference = 79BD77B50D2D03D7D07676F8 /* Pods-CJStandardProjectSwiftDemo.debug.xcconfig */;
			buildSettings = {
				ASSETCATALOG_COMPILER_APPICON_NAME = AppIcon;
				CODE_SIGN_STYLE = Automatic;
				INFOPLIST_FILE = CJStandardProjectSwiftDemo/Info.plist;
				LD_RUNPATH_SEARCH_PATHS = (
					"$(inherited)",
					"@executable_path/Frameworks",
				);
				PRODUCT_BUNDLE_IDENTIFIER = com.dvlproad.CJStandardProjectSwiftDemo;
				PRODUCT_NAME = "$(TARGET_NAME)";
				SWIFT_VERSION = 5.0;
				TARGETED_DEVICE_FAMILY = "1,2";
			};
			name = Debug;
		};
		786BCF0D2274549E0085F619 /* Release */ = {
			isa = XCBuildConfiguration;
			baseConfigurationReference = 3082D59E93FADF91823D356E /* Pods-CJStandardProjectSwiftDemo.release.xcconfig */;
			buildSettings = {
				ASSETCATALOG_COMPILER_APPICON_NAME = AppIcon;
				CODE_SIGN_STYLE = Automatic;
				INFOPLIST_FILE = CJStandardProjectSwiftDemo/Info.plist;
				LD_RUNPATH_SEARCH_PATHS = (
					"$(inherited)",
					"@executable_path/Frameworks",
				);
				PRODUCT_BUNDLE_IDENTIFIER = com.dvlproad.CJStandardProjectSwiftDemo;
				PRODUCT_NAME = "$(TARGET_NAME)";
				SWIFT_VERSION = 5.0;
				TARGETED_DEVICE_FAMILY = "1,2";
			};
			name = Release;
		};
		786BCF0F2274549E0085F619 /* Debug */ = {
			isa = XCBuildConfiguration;
			baseConfigurationReference = 0ABD07D495757B9A80D1507D /* Pods-CJStandardProjectSwiftDemoTests.debug.xcconfig */;
			buildSettings = {
				ALWAYS_EMBED_SWIFT_STANDARD_LIBRARIES = YES;
				BUNDLE_LOADER = "$(TEST_HOST)";
				CODE_SIGN_STYLE = Automatic;
				INFOPLIST_FILE = CJStandardProjectSwiftDemoTests/Info.plist;
				LD_RUNPATH_SEARCH_PATHS = (
					"$(inherited)",
					"@executable_path/Frameworks",
					"@loader_path/Frameworks",
				);
				PRODUCT_BUNDLE_IDENTIFIER = com.dvlproad.CJStandardProjectSwiftDemoTests;
				PRODUCT_NAME = "$(TARGET_NAME)";
				SWIFT_VERSION = 5.0;
				TARGETED_DEVICE_FAMILY = "1,2";
				TEST_HOST = "$(BUILT_PRODUCTS_DIR)/CJStandardProjectSwiftDemo.app/CJStandardProjectSwiftDemo";
			};
			name = Debug;
		};
		786BCF102274549E0085F619 /* Release */ = {
			isa = XCBuildConfiguration;
			baseConfigurationReference = 4C7B78585050D5559051292C /* Pods-CJStandardProjectSwiftDemoTests.release.xcconfig */;
			buildSettings = {
				ALWAYS_EMBED_SWIFT_STANDARD_LIBRARIES = YES;
				BUNDLE_LOADER = "$(TEST_HOST)";
				CODE_SIGN_STYLE = Automatic;
				INFOPLIST_FILE = CJStandardProjectSwiftDemoTests/Info.plist;
				LD_RUNPATH_SEARCH_PATHS = (
					"$(inherited)",
					"@executable_path/Frameworks",
					"@loader_path/Frameworks",
				);
				PRODUCT_BUNDLE_IDENTIFIER = com.dvlproad.CJStandardProjectSwiftDemoTests;
				PRODUCT_NAME = "$(TARGET_NAME)";
				SWIFT_VERSION = 5.0;
				TARGETED_DEVICE_FAMILY = "1,2";
				TEST_HOST = "$(BUILT_PRODUCTS_DIR)/CJStandardProjectSwiftDemo.app/CJStandardProjectSwiftDemo";
			};
			name = Release;
		};
		786BCF122274549E0085F619 /* Debug */ = {
			isa = XCBuildConfiguration;
			buildSettings = {
				ALWAYS_EMBED_SWIFT_STANDARD_LIBRARIES = YES;
				CODE_SIGN_STYLE = Automatic;
				INFOPLIST_FILE = CJStandardProjectSwiftDemoUITests/Info.plist;
				LD_RUNPATH_SEARCH_PATHS = (
					"$(inherited)",
					"@executable_path/Frameworks",
					"@loader_path/Frameworks",
				);
				PRODUCT_BUNDLE_IDENTIFIER = com.dvlproad.CJStandardProjectSwiftDemoUITests;
				PRODUCT_NAME = "$(TARGET_NAME)";
				SWIFT_VERSION = 5.0;
				TARGETED_DEVICE_FAMILY = "1,2";
				TEST_TARGET_NAME = CJStandardProjectSwiftDemo;
			};
			name = Debug;
		};
		786BCF132274549E0085F619 /* Release */ = {
			isa = XCBuildConfiguration;
			buildSettings = {
				ALWAYS_EMBED_SWIFT_STANDARD_LIBRARIES = YES;
				CODE_SIGN_STYLE = Automatic;
				INFOPLIST_FILE = CJStandardProjectSwiftDemoUITests/Info.plist;
				LD_RUNPATH_SEARCH_PATHS = (
					"$(inherited)",
					"@executable_path/Frameworks",
					"@loader_path/Frameworks",
				);
				PRODUCT_BUNDLE_IDENTIFIER = com.dvlproad.CJStandardProjectSwiftDemoUITests;
				PRODUCT_NAME = "$(TARGET_NAME)";
				SWIFT_VERSION = 5.0;
				TARGETED_DEVICE_FAMILY = "1,2";
				TEST_TARGET_NAME = CJStandardProjectSwiftDemo;
			};
			name = Release;
		};
/* End XCBuildConfiguration section */

/* Begin XCConfigurationList section */
		786BCEDE2274549C0085F619 /* Build configuration list for PBXProject "CJStandardProjectSwiftDemo" */ = {
			isa = XCConfigurationList;
			buildConfigurations = (
				786BCF092274549E0085F619 /* Debug */,
				786BCF0A2274549E0085F619 /* Release */,
			);
			defaultConfigurationIsVisible = 0;
			defaultConfigurationName = Release;
		};
		786BCF0B2274549E0085F619 /* Build configuration list for PBXNativeTarget "CJStandardProjectSwiftDemo" */ = {
			isa = XCConfigurationList;
			buildConfigurations = (
				786BCF0C2274549E0085F619 /* Debug */,
				786BCF0D2274549E0085F619 /* Release */,
			);
			defaultConfigurationIsVisible = 0;
			defaultConfigurationName = Release;
		};
		786BCF0E2274549E0085F619 /* Build configuration list for PBXNativeTarget "CJStandardProjectSwiftDemoTests" */ = {
			isa = XCConfigurationList;
			buildConfigurations = (
				786BCF0F2274549E0085F619 /* Debug */,
				786BCF102274549E0085F619 /* Release */,
			);
			defaultConfigurationIsVisible = 0;
			defaultConfigurationName = Release;
		};
		786BCF112274549E0085F619 /* Build configuration list for PBXNativeTarget "CJStandardProjectSwiftDemoUITests" */ = {
			isa = XCConfigurationList;
			buildConfigurations = (
				786BCF122274549E0085F619 /* Debug */,
				786BCF132274549E0085F619 /* Release */,
			);
			defaultConfigurationIsVisible = 0;
			defaultConfigurationName = Release;
		};
/* End XCConfigurationList section */
	};
	rootObject = 786BCEDB2274549C0085F619 /* Project object */;
}
